
Microsoft Visual Studio Solution File, Format Version 12.00
# Visual Studio Version 16
VisualStudioVersion = 16.0.32002.261
MinimumVisualStudioVersion = 10.0.40219.1
Project("{9A19103F-16F7-4668-BE54-9A1E7A4F7556}") = "ShopWebGis.HttApi.Host", "ShopWebGis\ShopWebGis.HttApi.Host.csproj", "{9D0752E5-C019-45B2-B36E-1809E94A1C6D}"
EndProject
Project("{2150E333-8FDC-42A3-9474-1A3956D46DE8}") = "仓储层", "仓储层", "{3C5E2C26-4372-4691-8583-8C2BBA4F8AA3}"
EndProject
Project("{2150E333-8FDC-42A3-9474-1A3956D46DE8}") = "应用层", "应用层", "{4D8FCB18-02CA-413A-BCEB-13BC1E634843}"
EndProject
Project("{2150E333-8FDC-42A3-9474-1A3956D46DE8}") = "领域层", "领域层", "{91826AAF-C852-4CFA-8F3F-3A057A22AF6B}"
EndProject
Project("{9A19103F-16F7-4668-BE54-9A1E7A4F7556}") = "ShopWebGisEntityFrameWorkCore", "ShopWebGisEntityFrameWorkCore\ShopWebGisEntityFrameWorkCore.csproj", "{679A8BCC-E915-4EA3-8696-92E92A8531AB}"
EndProject
Project("{9A19103F-16F7-4668-BE54-9A1E7A4F7556}") = "ShopWebGisDomain", "ShopWebGisDomain\ShopWebGisDomain.csproj", "{0BBCA6E4-F4AE-48F2-9C8D-FD69543D683A}"
EndProject
Project("{9A19103F-16F7-4668-BE54-9A1E7A4F7556}") = "ShopWebGisDomainShare", "ShopWebGisDomainShare\ShopWebGisDomainShare.csproj", "{3AE8B759-F310-4DE3-8B33-B501EDABFD84}"
EndProject
Project("{9A19103F-16F7-4668-BE54-9A1E7A4F7556}") = "IRepository", "IRepository\IRepository.csproj", "{A44EE6CD-4086-4BF1-B6CA-011B021CDBAA}"
EndProject
Project("{9A19103F-16F7-4668-BE54-9A1E7A4F7556}") = "Repository", "Repository\Repository.csproj", "{77F53D5D-E413-44A6-A31C-156E9116A3E6}"
EndProject
Project("{9A19103F-16F7-4668-BE54-9A1E7A4F7556}") = "ShopWebGisAutofac", "ShopWebGisAutofac\ShopWebGisAutofac.csproj", "{D930BDFE-BA6A-4025-A790-BBD9B2407532}"
EndProject
Project("{9A19103F-16F7-4668-BE54-9A1E7A4F7556}") = "ShopWebGisConsul", "ShopWebGisConsul\ShopWebGisConsul.csproj", "{CA887436-BD4A-43C7-9236-B9A7412A5B44}"
EndProject
Project("{9A19103F-16F7-4668-BE54-9A1E7A4F7556}") = "ShopWebGisJwt", "ShopWebGisJwt\ShopWebGisJwt.csproj", "{72D2D355-6C57-4CCD-BE7C-5C578B9F3B66}"
EndProject
Project("{9A19103F-16F7-4668-BE54-9A1E7A4F7556}") = "ShopWebGisApplication", "ShopWebGisApplication\ShopWebGisApplication.csproj", "{E7BBF890-2C4B-4CB0-88C9-F7984916CEBA}"
EndProject
Project("{9A19103F-16F7-4668-BE54-9A1E7A4F7556}") = "ShopWebGisApplicationContract", "ShopWebGisApplicationContract\ShopWebGisApplicationContract.csproj", "{B4762FAE-52D3-40D9-A35B-694A913FF5AE}"
EndProject
Project("{9A19103F-16F7-4668-BE54-9A1E7A4F7556}") = "ShopWebGisQuartz", "ShopWebGisQuartz\ShopWebGisQuartz.csproj", "{61F6FCA9-FB0C-4F5D-A33F-2B698D217D27}"
EndProject
Project("{9A19103F-16F7-4668-BE54-9A1E7A4F7556}") = "ShopWebGisFreeSql", "ShopWebGisFreeSql\ShopWebGisFreeSql.csproj", "{00C06EC3-A0E9-45F6-9C88-FDBC02535D65}"
EndProject
Project("{9A19103F-16F7-4668-BE54-9A1E7A4F7556}") = "ShopWebGisMongoDB", "ShopWebGisMongoDB\ShopWebGisMongoDB.csproj", "{D3C00B97-0181-4CBE-9B45-7530E73BD9F3}"
EndProject
Project("{9A19103F-16F7-4668-BE54-9A1E7A4F7556}") = "ShopWebGisIoc", "ShopWebGisIoc\ShopWebGisIoc.csproj", "{CD5794A0-98A2-4661-B746-0644ED3E97F8}"
EndProject
Project("{9A19103F-16F7-4668-BE54-9A1E7A4F7556}") = "ShopWebGisXxlJob", "ShopWebGisXxlJob\ShopWebGisXxlJob.csproj", "{77AABB11-A946-4C91-9223-A56F380086DA}"
EndProject
Project("{9A19103F-16F7-4668-BE54-9A1E7A4F7556}") = "ConsoleApp1", "ConsoleApp1\ConsoleApp1.csproj", "{6261A617-6013-4905-97A1-F7839E4CED77}"
EndProject
Project("{9A19103F-16F7-4668-BE54-9A1E7A4F7556}") = "ShopWebGisRedis", "ShopWebGisRedis\ShopWebGisRedis.csproj", "{2E07E975-23E3-4289-9BF4-4151EA1C7486}"
EndProject
Project("{9A19103F-16F7-4668-BE54-9A1E7A4F7556}") = "ShopWebGisCache", "ShopWebGisCache\ShopWebGisCache.csproj", "{9A9FDCC2-1564-4AE0-868C-998758669B59}"
EndProject
Project("{9A19103F-16F7-4668-BE54-9A1E7A4F7556}") = "ShopWebGisNacosClient", "ShopWebGisNacosClient\ShopWebGisNacosClient.csproj", "{69BE2A84-47E9-4230-9532-66EDFB5CEC0B}"
EndProject
Project("{FAE04EC0-301F-11D3-BF4B-00C04F79EFBC}") = "ShopWebGisLogger", "ShopWebGisElasticSearch\ShopWebGisLogger.csproj", "{E361327F-7FB5-49F5-886D-1C72BB03CD75}"
EndProject
Global
	GlobalSection(SolutionConfigurationPlatforms) = preSolution
		Debug|Any CPU = Debug|Any CPU
		Release|Any CPU = Release|Any CPU
	EndGlobalSection
	GlobalSection(ProjectConfigurationPlatforms) = postSolution
		{9D0752E5-C019-45B2-B36E-1809E94A1C6D}.Debug|Any CPU.ActiveCfg = Debug|Any CPU
		{9D0752E5-C019-45B2-B36E-1809E94A1C6D}.Debug|Any CPU.Build.0 = Debug|Any CPU
		{9D0752E5-C019-45B2-B36E-1809E94A1C6D}.Release|Any CPU.ActiveCfg = Release|Any CPU
		{9D0752E5-C019-45B2-B36E-1809E94A1C6D}.Release|Any CPU.Build.0 = Release|Any CPU
		{679A8BCC-E915-4EA3-8696-92E92A8531AB}.Debug|Any CPU.ActiveCfg = Debug|Any CPU
		{679A8BCC-E915-4EA3-8696-92E92A8531AB}.Debug|Any CPU.Build.0 = Debug|Any CPU
		{679A8BCC-E915-4EA3-8696-92E92A8531AB}.Release|Any CPU.ActiveCfg = Release|Any CPU
		{679A8BCC-E915-4EA3-8696-92E92A8531AB}.Release|Any CPU.Build.0 = Release|Any CPU
		{0BBCA6E4-F4AE-48F2-9C8D-FD69543D683A}.Debug|Any CPU.ActiveCfg = Debug|Any CPU
		{0BBCA6E4-F4AE-48F2-9C8D-FD69543D683A}.Debug|Any CPU.Build.0 = Debug|Any CPU
		{0BBCA6E4-F4AE-48F2-9C8D-FD69543D683A}.Release|Any CPU.ActiveCfg = Release|Any CPU
		{0BBCA6E4-F4AE-48F2-9C8D-FD69543D683A}.Release|Any CPU.Build.0 = Release|Any CPU
		{3AE8B759-F310-4DE3-8B33-B501EDABFD84}.Debug|Any CPU.ActiveCfg = Debug|Any CPU
		{3AE8B759-F310-4DE3-8B33-B501EDABFD84}.Debug|Any CPU.Build.0 = Debug|Any CPU
		{3AE8B759-F310-4DE3-8B33-B501EDABFD84}.Release|Any CPU.ActiveCfg = Release|Any CPU
		{3AE8B759-F310-4DE3-8B33-B501EDABFD84}.Release|Any CPU.Build.0 = Release|Any CPU
		{A44EE6CD-4086-4BF1-B6CA-011B021CDBAA}.Debug|Any CPU.ActiveCfg = Debug|Any CPU
		{A44EE6CD-4086-4BF1-B6CA-011B021CDBAA}.Debug|Any CPU.Build.0 = Debug|Any CPU
		{A44EE6CD-4086-4BF1-B6CA-011B021CDBAA}.Release|Any CPU.ActiveCfg = Release|Any CPU
		{A44EE6CD-4086-4BF1-B6CA-011B021CDBAA}.Release|Any CPU.Build.0 = Release|Any CPU
		{77F53D5D-E413-44A6-A31C-156E9116A3E6}.Debug|Any CPU.ActiveCfg = Debug|Any CPU
		{77F53D5D-E413-44A6-A31C-156E9116A3E6}.Debug|Any CPU.Build.0 = Debug|Any CPU
		{77F53D5D-E413-44A6-A31C-156E9116A3E6}.Release|Any CPU.ActiveCfg = Release|Any CPU
		{77F53D5D-E413-44A6-A31C-156E9116A3E6}.Release|Any CPU.Build.0 = Release|Any CPU
		{D930BDFE-BA6A-4025-A790-BBD9B2407532}.Debug|Any CPU.ActiveCfg = Debug|Any CPU
		{D930BDFE-BA6A-4025-A790-BBD9B2407532}.Debug|Any CPU.Build.0 = Debug|Any CPU
		{D930BDFE-BA6A-4025-A790-BBD9B2407532}.Release|Any CPU.ActiveCfg = Release|Any CPU
		{D930BDFE-BA6A-4025-A790-BBD9B2407532}.Release|Any CPU.Build.0 = Release|Any CPU
		{CA887436-BD4A-43C7-9236-B9A7412A5B44}.Debug|Any CPU.ActiveCfg = Debug|Any CPU
		{CA887436-BD4A-43C7-9236-B9A7412A5B44}.Debug|Any CPU.Build.0 = Debug|Any CPU
		{CA887436-BD4A-43C7-9236-B9A7412A5B44}.Release|Any CPU.ActiveCfg = Release|Any CPU
		{CA887436-BD4A-43C7-9236-B9A7412A5B44}.Release|Any CPU.Build.0 = Release|Any CPU
		{72D2D355-6C57-4CCD-BE7C-5C578B9F3B66}.Debug|Any CPU.ActiveCfg = Debug|Any CPU
		{72D2D355-6C57-4CCD-BE7C-5C578B9F3B66}.Debug|Any CPU.Build.0 = Debug|Any CPU
		{72D2D355-6C57-4CCD-BE7C-5C578B9F3B66}.Release|Any CPU.ActiveCfg = Release|Any CPU
		{72D2D355-6C57-4CCD-BE7C-5C578B9F3B66}.Release|Any CPU.Build.0 = Release|Any CPU
		{E7BBF890-2C4B-4CB0-88C9-F7984916CEBA}.Debug|Any CPU.ActiveCfg = Debug|Any CPU
		{E7BBF890-2C4B-4CB0-88C9-F7984916CEBA}.Debug|Any CPU.Build.0 = Debug|Any CPU
		{E7BBF890-2C4B-4CB0-88C9-F7984916CEBA}.Release|Any CPU.ActiveCfg = Release|Any CPU
		{E7BBF890-2C4B-4CB0-88C9-F7984916CEBA}.Release|Any CPU.Build.0 = Release|Any CPU
		{B4762FAE-52D3-40D9-A35B-694A913FF5AE}.Debug|Any CPU.ActiveCfg = Debug|Any CPU
		{B4762FAE-52D3-40D9-A35B-694A913FF5AE}.Debug|Any CPU.Build.0 = Debug|Any CPU
		{B4762FAE-52D3-40D9-A35B-694A913FF5AE}.Release|Any CPU.ActiveCfg = Release|Any CPU
		{B4762FAE-52D3-40D9-A35B-694A913FF5AE}.Release|Any CPU.Build.0 = Release|Any CPU
		{61F6FCA9-FB0C-4F5D-A33F-2B698D217D27}.Debug|Any CPU.ActiveCfg = Debug|Any CPU
		{61F6FCA9-FB0C-4F5D-A33F-2B698D217D27}.Debug|Any CPU.Build.0 = Debug|Any CPU
		{61F6FCA9-FB0C-4F5D-A33F-2B698D217D27}.Release|Any CPU.ActiveCfg = Release|Any CPU
		{61F6FCA9-FB0C-4F5D-A33F-2B698D217D27}.Release|Any CPU.Build.0 = Release|Any CPU
		{00C06EC3-A0E9-45F6-9C88-FDBC02535D65}.Debug|Any CPU.ActiveCfg = Debug|Any CPU
		{00C06EC3-A0E9-45F6-9C88-FDBC02535D65}.Debug|Any CPU.Build.0 = Debug|Any CPU
		{00C06EC3-A0E9-45F6-9C88-FDBC02535D65}.Release|Any CPU.ActiveCfg = Release|Any CPU
		{00C06EC3-A0E9-45F6-9C88-FDBC02535D65}.Release|Any CPU.Build.0 = Release|Any CPU
		{D3C00B97-0181-4CBE-9B45-7530E73BD9F3}.Debug|Any CPU.ActiveCfg = Debug|Any CPU
		{D3C00B97-0181-4CBE-9B45-7530E73BD9F3}.Debug|Any CPU.Build.0 = Debug|Any CPU
		{D3C00B97-0181-4CBE-9B45-7530E73BD9F3}.Release|Any CPU.ActiveCfg = Release|Any CPU
		{D3C00B97-0181-4CBE-9B45-7530E73BD9F3}.Release|Any CPU.Build.0 = Release|Any CPU
		{CD5794A0-98A2-4661-B746-0644ED3E97F8}.Debug|Any CPU.ActiveCfg = Debug|Any CPU
		{CD5794A0-98A2-4661-B746-0644ED3E97F8}.Debug|Any CPU.Build.0 = Debug|Any CPU
		{CD5794A0-98A2-4661-B746-0644ED3E97F8}.Release|Any CPU.ActiveCfg = Release|Any CPU
		{CD5794A0-98A2-4661-B746-0644ED3E97F8}.Release|Any CPU.Build.0 = Release|Any CPU
		{77AABB11-A946-4C91-9223-A56F380086DA}.Debug|Any CPU.ActiveCfg = Debug|Any CPU
		{77AABB11-A946-4C91-9223-A56F380086DA}.Debug|Any CPU.Build.0 = Debug|Any CPU
		{77AABB11-A946-4C91-9223-A56F380086DA}.Release|Any CPU.ActiveCfg = Release|Any CPU
		{77AABB11-A946-4C91-9223-A56F380086DA}.Release|Any CPU.Build.0 = Release|Any CPU
		{6261A617-6013-4905-97A1-F7839E4CED77}.Debug|Any CPU.ActiveCfg = Debug|Any CPU
		{6261A617-6013-4905-97A1-F7839E4CED77}.Debug|Any CPU.Build.0 = Debug|Any CPU
		{6261A617-6013-4905-97A1-F7839E4CED77}.Release|Any CPU.ActiveCfg = Release|Any CPU
		{6261A617-6013-4905-97A1-F7839E4CED77}.Release|Any CPU.Build.0 = Release|Any CPU
		{2E07E975-23E3-4289-9BF4-4151EA1C7486}.Debug|Any CPU.ActiveCfg = Debug|Any CPU
		{2E07E975-23E3-4289-9BF4-4151EA1C7486}.Debug|Any CPU.Build.0 = Debug|Any CPU
		{2E07E975-23E3-4289-9BF4-4151EA1C7486}.Release|Any CPU.ActiveCfg = Release|Any CPU
		{2E07E975-23E3-4289-9BF4-4151EA1C7486}.Release|Any CPU.Build.0 = Release|Any CPU
		{9A9FDCC2-1564-4AE0-868C-998758669B59}.Debug|Any CPU.ActiveCfg = Debug|Any CPU
		{9A9FDCC2-1564-4AE0-868C-998758669B59}.Debug|Any CPU.Build.0 = Debug|Any CPU
		{9A9FDCC2-1564-4AE0-868C-998758669B59}.Release|Any CPU.ActiveCfg = Release|Any CPU
		{9A9FDCC2-1564-4AE0-868C-998758669B59}.Release|Any CPU.Build.0 = Release|Any CPU
		{69BE2A84-47E9-4230-9532-66EDFB5CEC0B}.Debug|Any CPU.ActiveCfg = Debug|Any CPU
		{69BE2A84-47E9-4230-9532-66EDFB5CEC0B}.Debug|Any CPU.Build.0 = Debug|Any CPU
		{69BE2A84-47E9-4230-9532-66EDFB5CEC0B}.Release|Any CPU.ActiveCfg = Release|Any CPU
		{69BE2A84-47E9-4230-9532-66EDFB5CEC0B}.Release|Any CPU.Build.0 = Release|Any CPU
		{E361327F-7FB5-49F5-886D-1C72BB03CD75}.Debug|Any CPU.ActiveCfg = Debug|Any CPU
		{E361327F-7FB5-49F5-886D-1C72BB03CD75}.Debug|Any CPU.Build.0 = Debug|Any CPU
		{E361327F-7FB5-49F5-886D-1C72BB03CD75}.Release|Any CPU.ActiveCfg = Release|Any CPU
		{E361327F-7FB5-49F5-886D-1C72BB03CD75}.Release|Any CPU.Build.0 = Release|Any CPU
	EndGlobalSection
	GlobalSection(SolutionProperties) = preSolution
		HideSolutionNode = FALSE
	EndGlobalSection
	GlobalSection(NestedProjects) = preSolution
		{679A8BCC-E915-4EA3-8696-92E92A8531AB} = {3C5E2C26-4372-4691-8583-8C2BBA4F8AA3}
		{0BBCA6E4-F4AE-48F2-9C8D-FD69543D683A} = {91826AAF-C852-4CFA-8F3F-3A057A22AF6B}
		{3AE8B759-F310-4DE3-8B33-B501EDABFD84} = {91826AAF-C852-4CFA-8F3F-3A057A22AF6B}
		{A44EE6CD-4086-4BF1-B6CA-011B021CDBAA} = {3C5E2C26-4372-4691-8583-8C2BBA4F8AA3}
		{77F53D5D-E413-44A6-A31C-156E9116A3E6} = {3C5E2C26-4372-4691-8583-8C2BBA4F8AA3}
		{D930BDFE-BA6A-4025-A790-BBD9B2407532} = {4D8FCB18-02CA-413A-BCEB-13BC1E634843}
		{CA887436-BD4A-43C7-9236-B9A7412A5B44} = {4D8FCB18-02CA-413A-BCEB-13BC1E634843}
		{72D2D355-6C57-4CCD-BE7C-5C578B9F3B66} = {4D8FCB18-02CA-413A-BCEB-13BC1E634843}
		{E7BBF890-2C4B-4CB0-88C9-F7984916CEBA} = {4D8FCB18-02CA-413A-BCEB-13BC1E634843}
		{B4762FAE-52D3-40D9-A35B-694A913FF5AE} = {4D8FCB18-02CA-413A-BCEB-13BC1E634843}
		{61F6FCA9-FB0C-4F5D-A33F-2B698D217D27} = {4D8FCB18-02CA-413A-BCEB-13BC1E634843}
		{00C06EC3-A0E9-45F6-9C88-FDBC02535D65} = {3C5E2C26-4372-4691-8583-8C2BBA4F8AA3}
		{D3C00B97-0181-4CBE-9B45-7530E73BD9F3} = {3C5E2C26-4372-4691-8583-8C2BBA4F8AA3}
		{CD5794A0-98A2-4661-B746-0644ED3E97F8} = {4D8FCB18-02CA-413A-BCEB-13BC1E634843}
		{77AABB11-A946-4C91-9223-A56F380086DA} = {4D8FCB18-02CA-413A-BCEB-13BC1E634843}
		{2E07E975-23E3-4289-9BF4-4151EA1C7486} = {4D8FCB18-02CA-413A-BCEB-13BC1E634843}
		{9A9FDCC2-1564-4AE0-868C-998758669B59} = {4D8FCB18-02CA-413A-BCEB-13BC1E634843}
		{69BE2A84-47E9-4230-9532-66EDFB5CEC0B} = {4D8FCB18-02CA-413A-BCEB-13BC1E634843}
		{E361327F-7FB5-49F5-886D-1C72BB03CD75} = {4D8FCB18-02CA-413A-BCEB-13BC1E634843}
	EndGlobalSection
	GlobalSection(ExtensibilityGlobals) = postSolution
		SolutionGuid = {AC94F63F-5F1F-4EFC-BA5F-4DCD57A5BFB4}
	EndGlobalSection
EndGlobal
